
Microsoft Visual Studio Solution File, Format Version 12.00
# Visual Studio 15
VisualStudioVersion = 15.0.27130.2027
MinimumVisualStudioVersion = 10.0.40219.1
Project("{8BC9CEB8-8B4A-11D0-8D11-00A0C91BC942}") = "HiLowGame", "HiLowGame\HiLowGame.vcxproj", "{CBC01B8B-08E3-4A94-A64D-2F744CDEEF94}"
EndProject
Global
	GlobalSection(SolutionConfigurationPlatforms) = preSolution
		Debug|x64 = Debug|x64
		Debug|x86 = Debug|x86
		Release|x64 = Release|x64
		Release|x86 = Release|x86
	EndGlobalSection
	GlobalSection(ProjectConfigurationPlatforms) = postSolution
		{CBC01B8B-08E3-4A94-A64D-2F744CDEEF94}.Debug|x64.ActiveCfg = Debug|x64
		{CBC01B8B-08E3-4A94-A64D-2F744CDEEF94}.Debug|x64.Build.0 = Debug|x64
		{CBC01B8B-08E3-4A94-A64D-2F744CDEEF94}.Debug|x86.ActiveCfg = Debug|Win32
		{CBC01B8B-08E3-4A94-A64D-2F744CDEEF94}.Debug|x86.Build.0 = Debug|Win32
		{CBC01B8B-08E3-4A94-A64D-2F744CDEEF94}.Release|x64.ActiveCfg = Release|x64
		{CBC01B8B-08E3-4A94-A64D-2F744CDEEF94}.Release|x64.Build.0 = Release|x64
		{CBC01B8B-08E3-4A94-A64D-2F744CDEEF94}.Release|x86.ActiveCfg = Release|Win32
		{CBC01B8B-08E3-4A94-A64D-2F744CDEEF94}.Release|x86.Build.0 = Release|Win32
	EndGlobalSection
	GlobalSection(SolutionProperties) = preSolution
		HideSolutionNode = FALSE
	EndGlobalSection
	GlobalSection(ExtensibilityGlobals) = postSolution
		SolutionGuid = {20123520-F07F-435A-8545-B7C0BACABF78}
	EndGlobalSection
EndGlobal
